
Microsoft Visual Studio Solution File, Format Version 12.00
# Visual Studio Version 17
VisualStudioVersion = 17.8.34525.116
MinimumVisualStudioVersion = 10.0.40219.1
Project("{FAE04EC0-301F-11D3-BF4B-00C04F79EFBC}") = "Acti", "Acti\Acti.csproj", "{04AA7DCF-809C-48FC-B709-8AE409E82D7A}"
EndProject
Global
	GlobalSection(SolutionConfigurationPlatforms) = preSolution
		Debug|Any CPU = Debug|Any CPU
		Release|Any CPU = Release|Any CPU
	EndGlobalSection
	GlobalSection(ProjectConfigurationPlatforms) = postSolution
		{04AA7DCF-809C-48FC-B709-8AE409E82D7A}.Debug|Any CPU.ActiveCfg = Debug|Any CPU
		{04AA7DCF-809C-48FC-B709-8AE409E82D7A}.Debug|Any CPU.Build.0 = Debug|Any CPU
		{04AA7DCF-809C-48FC-B709-8AE409E82D7A}.Release|Any CPU.ActiveCfg = Release|Any CPU
		{04AA7DCF-809C-48FC-B709-8AE409E82D7A}.Release|Any CPU.Build.0 = Release|Any CPU
	EndGlobalSection
	GlobalSection(SolutionProperties) = preSolution
		HideSolutionNode = FALSE
	EndGlobalSection
	GlobalSection(ExtensibilityGlobals) = postSolution
		SolutionGuid = {34D6336F-E771-4F57-9D56-91A3BCD5C73E}
	EndGlobalSection
EndGlobal
